{
  "name": "todo-app",
  "version": "1.0.0",
  "lockfileVersion": 1,
  "requires": true,
  "dependencies": {
    "@lluz55/lightframework": {
      "version": "1.0.0-alpha.9",
      "resolved": "https://registry.npmjs.org/@lluz55/lightframework/-/lightframework-1.0.0-alpha.9.tgz",
      "integrity": "sha512-wUcqLjjVQ3KzV/Lcre+drKR5HDELPZ5SMd5dfef9Oco2UaRbU48zIO5fENZgLaCIWu4iiGnz7vALn99zKudgPA=="
    }
  }
}
