{
  "name": "TodoApp",
  "version": "1.0.0",
  "lockfileVersion": 1,
  "requires": true,
  "dependencies": {
    "@lluz55/lightframework": {
      "version": "1.0.0-alpha.5",
      "resolved": "https://registry.npmjs.org/@lluz55/lightframework/-/lightframework-1.0.0-alpha.5.tgz",
      "integrity": "sha512-U5brk/oSecwurrRuVz8YJHbQoc/BMzn3fJhA42qulS2PmN+xIaufrsatGnqPkfeXEChQL7QNTIaqCBi6HnwqqQ=="
    }
  }
}
