{
  "name": "todo-app",
  "version": "1.0.0",
  "lockfileVersion": 1,
  "requires": true,
  "dependencies": {
    "@lluz55/lightframework": {
      "version": "1.0.0-alpha.10",
      "resolved": "https://registry.npmjs.org/@lluz55/lightframework/-/lightframework-1.0.0-alpha.10.tgz",
      "integrity": "sha512-7RSum7u9JNx37PXC4e0hNqn9j/9to2dAUAhCvEu0HumeYqnHvy+1lt8KKqSDVT2/k7btB7mlDlB64nZOcSZhMg=="
    }
  }
}
